[packs.go]
id = "go"
source = "git"
spec = "CorrectRoadH/harness-lint#packs/go"
requested_ref = "main"
version = "78dcf8b1a6c59e1db37778187bce82635efc7085"
checksum = "ad3aa91f6eeeae249a48e2ff1cfd370df355842a"
local_path = ".harness/packs/go"
pack_path = "packs/go"

[packs.go-concurrency]
id = "go-concurrency"
source = "git"
spec = "CorrectRoadH/harness-lint#packs/go-concurrency"
requested_ref = "main"
version = "78dcf8b1a6c59e1db37778187bce82635efc7085"
checksum = "c1c94c69dc57058788ef554d9788c085f2c02b7e"
local_path = ".harness/packs/go-concurrency"
pack_path = "packs/go-concurrency"

[packs.go-effective-go]
id = "go-effective-go"
source = "git"
spec = "CorrectRoadH/harness-lint#packs/go-effective-go"
requested_ref = "main"
version = "78dcf8b1a6c59e1db37778187bce82635efc7085"
checksum = "c95bd79aa1b15f2bafe1050f3449819685b61a24"
local_path = ".harness/packs/go-effective-go"
pack_path = "packs/go-effective-go"

[packs.typescript]
id = "typescript"
source = "git"
spec = "CorrectRoadH/harness-lint#packs/typescript"
requested_ref = "main"
version = "78dcf8b1a6c59e1db37778187bce82635efc7085"
checksum = "2a5ab70fd6cc9f9e983e83a0624d94332fb2b76d"
local_path = ".harness/packs/typescript"
pack_path = "packs/typescript"

[packs.typescript-react]
id = "typescript-react"
source = "git"
spec = "CorrectRoadH/harness-lint#packs/typescript-react"
requested_ref = "main"
version = "78dcf8b1a6c59e1db37778187bce82635efc7085"
checksum = "4b8b3db917fe6dfcfbed0cef505577547d03aaca"
local_path = ".harness/packs/typescript-react"
pack_path = "packs/typescript-react"
