[packs.go]
id = "go"
source = "git"
spec = "CorrectRoadH/harness-lint#packs/go"
requested_ref = "main"
version = "53aa907b128ac2502e858134e8ad1a4db63b2db0"
checksum = "ad3aa91f6eeeae249a48e2ff1cfd370df355842a"
local_path = ".harness/packs/go"
pack_path = "packs/go"

[packs.go-concurrency]
id = "go-concurrency"
source = "git"
spec = "CorrectRoadH/harness-lint#packs/go-concurrency"
requested_ref = "main"
version = "53aa907b128ac2502e858134e8ad1a4db63b2db0"
checksum = "e13fa27fabbe8e1bc384e39f1784dcdb519f547d"
local_path = ".harness/packs/go-concurrency"
pack_path = "packs/go-concurrency"

[packs.go-effective-go]
id = "go-effective-go"
source = "git"
spec = "CorrectRoadH/harness-lint#packs/go-effective-go"
requested_ref = "main"
version = "53aa907b128ac2502e858134e8ad1a4db63b2db0"
checksum = "d9bab494461df48d2d07735237bc3520f9de322f"
local_path = ".harness/packs/go-effective-go"
pack_path = "packs/go-effective-go"

[packs.typescript]
id = "typescript"
source = "git"
spec = "CorrectRoadH/harness-lint#packs/typescript"
requested_ref = "main"
version = "53aa907b128ac2502e858134e8ad1a4db63b2db0"
checksum = "2a5ab70fd6cc9f9e983e83a0624d94332fb2b76d"
local_path = ".harness/packs/typescript"
pack_path = "packs/typescript"

[packs.typescript-react]
id = "typescript-react"
source = "git"
spec = "CorrectRoadH/harness-lint#packs/typescript-react"
requested_ref = "main"
version = "53aa907b128ac2502e858134e8ad1a4db63b2db0"
checksum = "4b8b3db917fe6dfcfbed0cef505577547d03aaca"
local_path = ".harness/packs/typescript-react"
pack_path = "packs/typescript-react"
